
Microsoft Visual Studio Solution File, Format Version 12.00
# Visual Studio 15
VisualStudioVersion = 15.0.26430.14
MinimumVisualStudioVersion = 10.0.40219.1
Project("{FAE04EC0-301F-11D3-BF4B-00C04F79EFBC}") = "Demo", "Demo\Demo.csproj", "{11452198-F83A-4D16-AE12-A6CEFCB6CF49}"
EndProject
Project("{FAE04EC0-301F-11D3-BF4B-00C04F79EFBC}") = "02.OldestFamilyMember", "02.OldestFamilyMember\02.OldestFamilyMember.csproj", "{A2559E4A-88E9-462D-B229-9E6F4AB17EAE}"
EndProject
Project("{FAE04EC0-301F-11D3-BF4B-00C04F79EFBC}") = "14.DrawingTool", "14.DrawingTool\14.DrawingTool.csproj", "{E3F2A817-25CD-46DE-A67F-8A88DBD051E3}"
EndProject
Global
	GlobalSection(SolutionConfigurationPlatforms) = preSolution
		Debug|Any CPU = Debug|Any CPU
		Release|Any CPU = Release|Any CPU
	EndGlobalSection
	GlobalSection(ProjectConfigurationPlatforms) = postSolution
		{11452198-F83A-4D16-AE12-A6CEFCB6CF49}.Debug|Any CPU.ActiveCfg = Debug|Any CPU
		{11452198-F83A-4D16-AE12-A6CEFCB6CF49}.Debug|Any CPU.Build.0 = Debug|Any CPU
		{11452198-F83A-4D16-AE12-A6CEFCB6CF49}.Release|Any CPU.ActiveCfg = Release|Any CPU
		{11452198-F83A-4D16-AE12-A6CEFCB6CF49}.Release|Any CPU.Build.0 = Release|Any CPU
		{A2559E4A-88E9-462D-B229-9E6F4AB17EAE}.Debug|Any CPU.ActiveCfg = Debug|Any CPU
		{A2559E4A-88E9-462D-B229-9E6F4AB17EAE}.Debug|Any CPU.Build.0 = Debug|Any CPU
		{A2559E4A-88E9-462D-B229-9E6F4AB17EAE}.Release|Any CPU.ActiveCfg = Release|Any CPU
		{A2559E4A-88E9-462D-B229-9E6F4AB17EAE}.Release|Any CPU.Build.0 = Release|Any CPU
		{E3F2A817-25CD-46DE-A67F-8A88DBD051E3}.Debug|Any CPU.ActiveCfg = Debug|Any CPU
		{E3F2A817-25CD-46DE-A67F-8A88DBD051E3}.Debug|Any CPU.Build.0 = Debug|Any CPU
		{E3F2A817-25CD-46DE-A67F-8A88DBD051E3}.Release|Any CPU.ActiveCfg = Release|Any CPU
		{E3F2A817-25CD-46DE-A67F-8A88DBD051E3}.Release|Any CPU.Build.0 = Release|Any CPU
	EndGlobalSection
	GlobalSection(SolutionProperties) = preSolution
		HideSolutionNode = FALSE
	EndGlobalSection
EndGlobal
