
Microsoft Visual Studio Solution File, Format Version 12.00
# Visual Studio 15
VisualStudioVersion = 15.0.26430.14
MinimumVisualStudioVersion = 10.0.40219.1
Project("{FAE04EC0-301F-11D3-BF4B-00C04F79EFBC}") = "Demo", "Demo\Demo.csproj", "{552E281B-6DEE-483A-B660-21C15FC8F85E}"
EndProject
Project("{FAE04EC0-301F-11D3-BF4B-00C04F79EFBC}") = "SortPersonByNameAndAge", "SortPersonByNameAndAge\SortPersonByNameAndAge.csproj", "{5F089BBD-72F8-440E-B31E-FB933430DEF7}"
EndProject
Global
	GlobalSection(SolutionConfigurationPlatforms) = preSolution
		Debug|Any CPU = Debug|Any CPU
		Release|Any CPU = Release|Any CPU
	EndGlobalSection
	GlobalSection(ProjectConfigurationPlatforms) = postSolution
		{552E281B-6DEE-483A-B660-21C15FC8F85E}.Debug|Any CPU.ActiveCfg = Debug|Any CPU
		{552E281B-6DEE-483A-B660-21C15FC8F85E}.Debug|Any CPU.Build.0 = Debug|Any CPU
		{552E281B-6DEE-483A-B660-21C15FC8F85E}.Release|Any CPU.ActiveCfg = Release|Any CPU
		{552E281B-6DEE-483A-B660-21C15FC8F85E}.Release|Any CPU.Build.0 = Release|Any CPU
		{5F089BBD-72F8-440E-B31E-FB933430DEF7}.Debug|Any CPU.ActiveCfg = Debug|Any CPU
		{5F089BBD-72F8-440E-B31E-FB933430DEF7}.Debug|Any CPU.Build.0 = Debug|Any CPU
		{5F089BBD-72F8-440E-B31E-FB933430DEF7}.Release|Any CPU.ActiveCfg = Release|Any CPU
		{5F089BBD-72F8-440E-B31E-FB933430DEF7}.Release|Any CPU.Build.0 = Release|Any CPU
	EndGlobalSection
	GlobalSection(SolutionProperties) = preSolution
		HideSolutionNode = FALSE
	EndGlobalSection
EndGlobal
