
Microsoft Visual Studio Solution File, Format Version 12.00
# Visual Studio 15
VisualStudioVersion = 15.0.26430.14
MinimumVisualStudioVersion = 10.0.40219.1
Project("{FAE04EC0-301F-11D3-BF4B-00C04F79EFBC}") = "Demo", "Demo\Demo.csproj", "{3316BB3B-D954-4853-8541-46244860D616}"
EndProject
Project("{FAE04EC0-301F-11D3-BF4B-00C04F79EFBC}") = "01.SingleInheritance", "01.SingleInheritance\01.SingleInheritance.csproj", "{22AF10D1-5A14-46EC-965D-8A5BC73A0975}"
EndProject
Project("{FAE04EC0-301F-11D3-BF4B-00C04F79EFBC}") = "02.RandomList", "02.RandomList\02.RandomList.csproj", "{440015C4-A5BE-46F8-ADF0-D24DF4D83904}"
EndProject
Project("{FAE04EC0-301F-11D3-BF4B-00C04F79EFBC}") = "03.StackOfStrings", "03.StackOfStrings\03.StackOfStrings.csproj", "{4F0D3CFA-AC8F-428C-A9BE-98D13C748CA7}"
EndProject
Global
	GlobalSection(SolutionConfigurationPlatforms) = preSolution
		Debug|Any CPU = Debug|Any CPU
		Release|Any CPU = Release|Any CPU
	EndGlobalSection
	GlobalSection(ProjectConfigurationPlatforms) = postSolution
		{3316BB3B-D954-4853-8541-46244860D616}.Debug|Any CPU.ActiveCfg = Debug|Any CPU
		{3316BB3B-D954-4853-8541-46244860D616}.Debug|Any CPU.Build.0 = Debug|Any CPU
		{3316BB3B-D954-4853-8541-46244860D616}.Release|Any CPU.ActiveCfg = Release|Any CPU
		{3316BB3B-D954-4853-8541-46244860D616}.Release|Any CPU.Build.0 = Release|Any CPU
		{22AF10D1-5A14-46EC-965D-8A5BC73A0975}.Debug|Any CPU.ActiveCfg = Debug|Any CPU
		{22AF10D1-5A14-46EC-965D-8A5BC73A0975}.Debug|Any CPU.Build.0 = Debug|Any CPU
		{22AF10D1-5A14-46EC-965D-8A5BC73A0975}.Release|Any CPU.ActiveCfg = Release|Any CPU
		{22AF10D1-5A14-46EC-965D-8A5BC73A0975}.Release|Any CPU.Build.0 = Release|Any CPU
		{440015C4-A5BE-46F8-ADF0-D24DF4D83904}.Debug|Any CPU.ActiveCfg = Debug|Any CPU
		{440015C4-A5BE-46F8-ADF0-D24DF4D83904}.Debug|Any CPU.Build.0 = Debug|Any CPU
		{440015C4-A5BE-46F8-ADF0-D24DF4D83904}.Release|Any CPU.ActiveCfg = Release|Any CPU
		{440015C4-A5BE-46F8-ADF0-D24DF4D83904}.Release|Any CPU.Build.0 = Release|Any CPU
		{4F0D3CFA-AC8F-428C-A9BE-98D13C748CA7}.Debug|Any CPU.ActiveCfg = Debug|Any CPU
		{4F0D3CFA-AC8F-428C-A9BE-98D13C748CA7}.Debug|Any CPU.Build.0 = Debug|Any CPU
		{4F0D3CFA-AC8F-428C-A9BE-98D13C748CA7}.Release|Any CPU.ActiveCfg = Release|Any CPU
		{4F0D3CFA-AC8F-428C-A9BE-98D13C748CA7}.Release|Any CPU.Build.0 = Release|Any CPU
	EndGlobalSection
	GlobalSection(SolutionProperties) = preSolution
		HideSolutionNode = FALSE
	EndGlobalSection
EndGlobal
